schema: '2.0'
stages:
  prepare:
    cmd: python src/prepare.py data/raw data/prepared
    deps:
    - path: data/raw
      hash: md5
      md5: 648bf1fb9f622256f3f642e3e0927a24.dir
      size: 9260297
      nfiles: 1500
    - path: src/prepare.py
      hash: md5
      md5: 13277198148e4a8724bec11061258e1e
      size: 2651
    - path: src/utils/seed.py
      hash: md5
      md5: 0142a23c43a45a9d3181fb46615dd5c5
      size: 419
    params:
      params.yaml:
        prepare:
          seed: 5241
          split: 0.2
          image_size:
          - 32
          - 32
          grayscale: true
          batch_size: 32
    outs:
    - path: data/prepared
      hash: md5
      md5: 5d5236f468d3d8757ef2aa4833474e4c.dir
      size: 6188059
      nfiles: 8
  train:
    cmd: python src/train.py data/prepared model
    deps:
    - path: data/prepared
      hash: md5
      md5: 5d5236f468d3d8757ef2aa4833474e4c.dir
      size: 6188059
      nfiles: 8
    - path: src/train.py
      hash: md5
      md5: f6c1b43d48a5add4ba001a3ab5c5b587
      size: 2836
    - path: src/utils/seed.py
      hash: md5
      md5: 0142a23c43a45a9d3181fb46615dd5c5
      size: 419
    params:
      params.yaml:
        train:
          seed: 5241
          lr: 0.0001
          epochs: 10
          conv_size: 32
          dense_size: 64
          output_classes: 10
    outs:
    - path: model
      hash: md5
      md5: 5e109428bf47815fb7fe6293aaab71e2.dir
      size: 2501390
      nfiles: 2
  evaluate:
    cmd: python src/evaluate.py model data/prepared
    deps:
    - path: model
      hash: md5
      md5: 5e109428bf47815fb7fe6293aaab71e2.dir
      size: 2501390
      nfiles: 2
    - path: src/evaluate.py
      hash: md5
      md5: d0bcec84d1de15cc10583ac0effd7f63
      size: 5046
    outs:
    - path: evaluation/metrics.json
      hash: md5
      md5: d3199e8f4a53ff4d1c4b30bbe787c0e5
      size: 159
    - path: evaluation/plots/confusion_matrix.png
      hash: md5
      md5: 1794366b895608394a14bbd3505bc0b4
      size: 58097
    - path: evaluation/plots/pred_preview.png
      hash: md5
      md5: 04f74cb8a27fcc5f054fd44fc7fe114d
      size: 48935
    - path: evaluation/plots/training_history.png
      hash: md5
      md5: 89e06d5abc8322a332bd78bf1f1da380
      size: 39299
